// !$*UTF8*$!
{
	archiveVersion = 1;
	classes = {
	};
	objectVersion = 46;
	objects = {

/* Begin PBXBuildFile section */
		E80A5E881C1A47FF009B594E /* AppDelegate.swift in Sources */ = {isa = PBXBuildFile; fileRef = E80A5E871C1A47FF009B594E /* AppDelegate.swift */; };
		E80A5E8A1C1A47FF009B594E /* ViewController.swift in Sources */ = {isa = PBXBuildFile; fileRef = E80A5E891C1A47FF009B594E /* ViewController.swift */; };
		E80A5E8D1C1A47FF009B594E /* Main.storyboard in Resources */ = {isa = PBXBuildFile; fileRef = E80A5E8B1C1A47FF009B594E /* Main.storyboard */; };
		E80A5E8F1C1A47FF009B594E /* Assets.xcassets in Resources */ = {isa = PBXBuildFile; fileRef = E80A5E8E1C1A47FF009B594E /* Assets.xcassets */; };
		E80A5E921C1A47FF009B594E /* LaunchScreen.storyboard in Resources */ = {isa = PBXBuildFile; fileRef = E80A5E901C1A47FF009B594E /* LaunchScreen.storyboard */; };
		E80A5E9A1C1A4936009B594E /* Datos.swift in Sources */ = {isa = PBXBuildFile; fileRef = E80A5E991C1A4936009B594E /* Datos.swift */; };
/* End PBXBuildFile section */

/* Begin PBXFileReference section */
		E80A5E841C1A47FF009B594E /* Hamburguesas.app */ = {isa = PBXFileReference; explicitFileType = wrapper.application; includeInIndex = 0; path = Hamburguesas.app; sourceTree = BUILT_PRODUCTS_DIR; };
		E80A5E871C1A47FF009B594E /* AppDelegate.swift */ = {isa = PBXFileReference; lastKnownFileType = sourcecode.swift; path = AppDelegate.swift; sourceTree = "<group>"; };
		E80A5E891C1A47FF009B594E /* ViewController.swift */ = {isa = PBXFileReference; lastKnownFileType = sourcecode.swift; path = ViewController.swift; sourceTree = "<group>"; };
		E80A5E8C1C1A47FF009B594E /* Base */ = {isa = PBXFileReference; lastKnownFileType = file.storyboard; name = Base; path = Base.lproj/Main.storyboard; sourceTree = "<group>"; };
		E80A5E8E1C1A47FF009B594E /* Assets.xcassets */ = {isa = PBXFileReference; lastKnownFileType = folder.assetcatalog; path = Assets.xcassets; sourceTree = "<group>"; };
		E80A5E911C1A47FF009B594E /* Base */ = {isa = PBXFileReference; lastKnownFileType = file.storyboard; name = Base; path = Base.lproj/LaunchScreen.storyboard; sourceTree = "<group>"; };
		E80A5E931C1A47FF009B594E /* Info.plist */ = {isa = PBXFileReference; lastKnownFileType = text.plist.xml; path = Info.plist; sourceTree = "<group>"; };
		E80A5E991C1A4936009B594E /* Datos.swift */ = {isa = PBXFileReference; fileEncoding = 4; lastKnownFileType = sourcecode.swift; path = Datos.swift; sourceTree = "<group>"; };
/* End PBXFileReference section */

/* Begin PBXFrameworksBuildPhase section */
		E80A5E811C1A47FF009B594E /* Frameworks */ = {
			isa = PBXFrameworksBuildPhase;
			buildActionMask = 2147483647;
			files = (
			);
			runOnlyForDeploymentPostprocessing = 0;
		};
/* End PBXFrameworksBuildPhase section */

/* Begin PBXGroup section */
		E80A5E7B1C1A47FF009B594E = {
			isa = PBXGroup;
			children = (
				E80A5E861C1A47FF009B594E /* Hamburguesas */,
				E80A5E851C1A47FF009B594E /* Products */,
			);
			sourceTree = "<group>";
		};
		E80A5E851C1A47FF009B594E /* Products */ = {
			isa = PBXGroup;
			children = (
				E80A5E841C1A47FF009B594E /* Hamburguesas.app */,
			);
			name = Products;
			sourceTree = "<group>";
		};
		E80A5E861C1A47FF009B594E /* Hamburguesas */ = {
			isa = PBXGroup;
			children = (
				E80A5E871C1A47FF009B594E /* AppDelegate.swift */,
				E80A5E891C1A47FF009B594E /* ViewController.swift */,
				E80A5E8B1C1A47FF009B594E /* Main.storyboard */,
				E80A5E8E1C1A47FF009B594E /* Assets.xcassets */,
				E80A5E901C1A47FF009B594E /* LaunchScreen.storyboard */,
				E80A5E931C1A47FF009B594E /* Info.plist */,
				E80A5E991C1A4936009B594E /* Datos.swift */,
			);
			path = Hamburguesas;
			sourceTree = "<group>";
		};
/* End PBXGroup section */

/* Begin PBXNativeTarget section */
		E80A5E831C1A47FF009B594E /* Hamburguesas */ = {
			isa = PBXNativeTarget;
			buildConfigurationList = E80A5E961C1A47FF009B594E /* Build configuration list for PBXNativeTarget "Hamburguesas" */;
			buildPhases = (
				E80A5E801C1A47FF009B594E /* Sources */,
				E80A5E811C1A47FF009B594E /* Frameworks */,
				E80A5E821C1A47FF009B594E /* Resources */,
			);
			buildRules = (
			);
			dependencies = (
			);
			name = Hamburguesas;
			productName = Hamburguesas;
			productReference = E80A5E841C1A47FF009B594E /* Hamburguesas.app */;
			productType = "com.apple.product-type.application";
		};
/* End PBXNativeTarget section */

/* Begin PBXProject section */
		E80A5E7C1C1A47FF009B594E /* Project object */ = {
			isa = PBXProject;
			attributes = {
				LastSwiftUpdateCheck = 0710;
				LastUpgradeCheck = 0710;
				ORGANIZATIONNAME = "Siomara Jimenez";
				TargetAttributes = {
					E80A5E831C1A47FF009B594E = {
						CreatedOnToolsVersion = 7.1.1;
					};
				};
			};
			buildConfigurationList = E80A5E7F1C1A47FF009B594E /* Build configuration list for PBXProject "Hamburguesas" */;
			compatibilityVersion = "Xcode 3.2";
			developmentRegion = English;
			hasScannedForEncodings = 0;
			knownRegions = (
				en,
				Base,
			);
			mainGroup = E80A5E7B1C1A47FF009B594E;
			productRefGroup = E80A5E851C1A47FF009B594E /* Products */;
			projectDirPath = "";
			projectRoot = "";
			targets = (
				E80A5E831C1A47FF009B594E /* Hamburguesas */,
			);
		};
/* End PBXProject section */

/* Begin PBXResourcesBuildPhase section */
		E80A5E821C1A47FF009B594E /* Resources */ = {
			isa = PBXResourcesBuildPhase;
			buildActionMask = 2147483647;
			files = (
				E80A5E921C1A47FF009B594E /* LaunchScreen.storyboard in Resources */,
				E80A5E8F1C1A47FF009B594E /* Assets.xcassets in Resources */,
				E80A5E8D1C1A47FF009B594E /* Main.storyboard in Resources */,
			);
			runOnlyForDeploymentPostprocessing = 0;
		};
/* End PBXResourcesBuildPhase section */

/* Begin PBXSourcesBuildPhase section */
		E80A5E801C1A47FF009B594E /* Sources */ = {
			isa = PBXSourcesBuildPhase;
			buildActionMask = 2147483647;
			files = (
				E80A5E8A1C1A47FF009B594E /* ViewController.swift in Sources */,
				E80A5E881C1A47FF009B594E /* AppDelegate.swift in Sources */,
				E80A5E9A1C1A4936009B594E /* Datos.swift in Sources */,
			);
			runOnlyForDeploymentPostprocessing = 0;
		};
/* End PBXSourcesBuildPhase section */

/* Begin PBXVariantGroup section */
		E80A5E8B1C1A47FF009B594E /* Main.storyboard */ = {
			isa = PBXVariantGroup;
			children = (
				E80A5E8C1C1A47FF009B594E /* Base */,
			);
			name = Main.storyboard;
			sourceTree = "<group>";
		};
		E80A5E901C1A47FF009B594E /* LaunchScreen.storyboard */ = {
			isa = PBXVariantGroup;
			children = (
				E80A5E911C1A47FF009B594E /* Base */,
			);
			name = LaunchScreen.storyboard;
			sourceTree = "<group>";
		};
/* End PBXVariantGroup section */

/* Begin XCBuildConfiguration section */
		E80A5E941C1A47FF009B594E /* Debug */ = {
			isa = XCBuildConfiguration;
			buildSettings = {
				ALWAYS_SEARCH_USER_PATHS = NO;
				CLANG_CXX_LANGUAGE_STANDARD = "gnu++0x";
				CLANG_CXX_LIBRARY = "libc++";
				CLANG_ENABLE_MODULES = YES;
				CLANG_ENABLE_OBJC_ARC = YES;
				CLANG_WARN_BOOL_CONVERSION = YES;
				CLANG_WARN_CONSTANT_CONVERSION = YES;
				CLANG_WARN_DIRECT_OBJC_ISA_USAGE = YES_ERROR;
				CLANG_WARN_EMPTY_BODY = YES;
				CLANG_WARN_ENUM_CONVERSION = YES;
				CLANG_WARN_INT_CONVERSION = YES;
				CLANG_WARN_OBJC_ROOT_CLASS = YES_ERROR;
				CLANG_WARN_UNREACHABLE_CODE = YES;
				CLANG_WARN__DUPLICATE_METHOD_MATCH = YES;
				"CODE_SIGN_IDENTITY[sdk=iphoneos*]" = "iPhone Developer";
				COPY_PHASE_STRIP = NO;
				DEBUG_INFORMATION_FORMAT = dwarf;
				ENABLE_STRICT_OBJC_MSGSEND = YES;
				ENABLE_TESTABILITY = YES;
				GCC_C_LANGUAGE_STANDARD = gnu99;
				GCC_DYNAMIC_NO_PIC = NO;
				GCC_NO_COMMON_BLOCKS = YES;
				GCC_OPTIMIZATION_LEVEL = 0;
				GCC_PREPROCESSOR_DEFINITIONS = (
					"DEBUG=1",
					"$(inherited)",
				);
				GCC_WARN_64_TO_32_BIT_CONVERSION = YES;
				GCC_WARN_ABOUT_RETURN_TYPE = YES_ERROR;
				GCC_WARN_UNDECLARED_SELECTOR = YES;
				GCC_WARN_UNINITIALIZED_AUTOS = YES_AGGRESSIVE;
				GCC_WARN_UNUSED_FUNCTION = YES;
				GCC_WARN_UNUSED_VARIABLE = YES;
				IPHONEOS_DEPLOYMENT_TARGET = 9.1;
				MTL_ENABLE_DEBUG_INFO = YES;
				ONLY_ACTIVE_ARCH = YES;
				SDKROOT = iphoneos;
				SWIFT_OPTIMIZATION_LEVEL = "-Onone";
			};
			name = Debug;
		};
		E80A5E951C1A47FF009B594E /* Release */ = {
			isa = XCBuildConfiguration;
			buildSettings = {
				ALWAYS_SEARCH_USER_PATHS = NO;
				CLANG_CXX_LANGUAGE_STANDARD = "gnu++0x";
				CLANG_CXX_LIBRARY = "libc++";
				CLANG_ENABLE_MODULES = YES;
				CLANG_ENABLE_OBJC_ARC = YES;
				CLANG_WARN_BOOL_CONVERSION = YES;
				CLANG_WARN_CONSTANT_CONVERSION = YES;
				CLANG_WARN_DIRECT_OBJC_ISA_USAGE = YES_ERROR;
				CLANG_WARN_EMPTY_BODY = YES;
				CLANG_WARN_ENUM_CONVERSION = YES;
				CLANG_WARN_INT_CONVERSION = YES;
				CLANG_WARN_OBJC_ROOT_CLASS = YES_ERROR;
				CLANG_WARN_UNREACHABLE_CODE = YES;
				CLANG_WARN__DUPLICATE_METHOD_MATCH = YES;
				"CODE_SIGN_IDENTITY[sdk=iphoneos*]" = "iPhone Developer";
				COPY_PHASE_STRIP = NO;
				DEBUG_INFORMATION_FORMAT = "dwarf-with-dsym";
				ENABLE_NS_ASSERTIONS = NO;
				ENABLE_STRICT_OBJC_MSGSEND = YES;
				GCC_C_LANGUAGE_STANDARD = gnu99;
				GCC_NO_COMMON_BLOCKS = YES;
				GCC_WARN_64_TO_32_BIT_CONVERSION = YES;
				GCC_WARN_ABOUT_RETURN_TYPE = YES_ERROR;
				GCC_WARN_UNDECLARED_SELECTOR = YES;
				GCC_WARN_UNINITIALIZED_AUTOS = YES_AGGRESSIVE;
				GCC_WARN_UNUSED_FUNCTION = YES;
				GCC_WARN_UNUSED_VARIABLE = YES;
				IPHONEOS_DEPLOYMENT_TARGET = 9.1;
				MTL_ENABLE_DEBUG_INFO = NO;
				SDKROOT = iphoneos;
				VALIDATE_PRODUCT = YES;
			};
			name = Release;
		};
		E80A5E971C1A47FF009B594E /* Debug */ = {
			isa = XCBuildConfiguration;
			buildSettings = {
				ASSETCATALOG_COMPILER_APPICON_NAME = AppIcon;
				INFOPLIST_FILE = Hamburguesas/Info.plist;
				LD_RUNPATH_SEARCH_PATHS = "$(inherited) @executable_path/Frameworks";
				PRODUCT_BUNDLE_IDENTIFIER = SJimenez.Hamburguesas;
				PRODUCT_NAME = "$(TARGET_NAME)";
			};
			name = Debug;
		};
		E80A5E981C1A47FF009B594E /* Release */ = {
			isa = XCBuildConfiguration;
			buildSettings = {
				ASSETCATALOG_COMPILER_APPICON_NAME = AppIcon;
				INFOPLIST_FILE = Hamburguesas/Info.plist;
				LD_RUNPATH_SEARCH_PATHS = "$(inherited) @executable_path/Frameworks";
				PRODUCT_BUNDLE_IDENTIFIER = SJimenez.Hamburguesas;
				PRODUCT_NAME = "$(TARGET_NAME)";
			};
			name = Release;
		};
/* End XCBuildConfiguration section */

/* Begin XCConfigurationList section */
		E80A5E7F1C1A47FF009B594E /* Build configuration list for PBXProject "Hamburguesas" */ = {
			isa = XCConfigurationList;
			buildConfigurations = (
				E80A5E941C1A47FF009B594E /* Debug */,
				E80A5E951C1A47FF009B594E /* Release */,
			);
			defaultConfigurationIsVisible = 0;
			defaultConfigurationName = Release;
		};
		E80A5E961C1A47FF009B594E /* Build configuration list for PBXNativeTarget "Hamburguesas" */ = {
			isa = XCConfigurationList;
			buildConfigurations = (
				E80A5E971C1A47FF009B594E /* Debug */,
				E80A5E981C1A47FF009B594E /* Release */,
			);
			defaultConfigurationIsVisible = 0;
		};
/* End XCConfigurationList section */
	};
	rootObject = E80A5E7C1C1A47FF009B594E /* Project object */;
}
